// !$*UTF8*$!
{
	archiveVersion = 1;
	classes = {
	};
	objectVersion = 77;
	objects = {

/* Begin PBXBuildFile section */
		E146E0B02CB7E3C200F744AB /* ImmersiveModel.swift in Sources */ = {isa = PBXBuildFile; fileRef = E146E0A82CB7E3C200F744AB /* ImmersiveModel.swift */; };
		E146E0B12CB7E3C200F744AB /* ContentView.swift in Sources */ = {isa = PBXBuildFile; fileRef = E146E0AA2CB7E3C200F744AB /* ContentView.swift */; };
		E146E0B22CB7E3C200F744AB /* ImmersiveView.swift in Sources */ = {isa = PBXBuildFile; fileRef = E146E0AB2CB7E3C200F744AB /* ImmersiveView.swift */; };
		E146E0B42CB7E3C200F744AB /* VisionReraApp.swift in Sources */ = {isa = PBXBuildFile; fileRef = E146E0AE2CB7E3C200F744AB /* VisionReraApp.swift */; };
		E146E0B52CB7E3C200F744AB /* Preview Assets.xcassets in Resources */ = {isa = PBXBuildFile; fileRef = E146E0A62CB7E3C200F744AB /* Preview Assets.xcassets */; };
		E146E0B62CB7E3C200F744AB /* Assets.xcassets in Resources */ = {isa = PBXBuildFile; fileRef = E146E0A92CB7E3C200F744AB /* Assets.xcassets */; };
		E19B1D8F2CCA9FEF001326CA /* RaceTrackModel.swift in Sources */ = {isa = PBXBuildFile; fileRef = E19B1D8E2CCA9FEB001326CA /* RaceTrackModel.swift */; };
		E19B1D942CCAB9AC001326CA /* RaceTrackCBUuids.swift in Sources */ = {isa = PBXBuildFile; fileRef = E19B1D932CCAB9A7001326CA /* RaceTrackCBUuids.swift */; };
		E19B1D962CCAED1B001326CA /* WelcomeView.swift in Sources */ = {isa = PBXBuildFile; fileRef = E19B1D952CCAED17001326CA /* WelcomeView.swift */; };
		E1CD1DCB2CDAB9A30052BDBE /* InputModel.swift in Sources */ = {isa = PBXBuildFile; fileRef = E1CD1DCA2CDAB99E0052BDBE /* InputModel.swift */; };
		E1CD1DCE2CDABA8A0052BDBE /* GameModel.swift in Sources */ = {isa = PBXBuildFile; fileRef = E1CD1DCD2CDABA840052BDBE /* GameModel.swift */; };
		E1CD1DD12CDABAE10052BDBE /* TrackDetectionModel.swift in Sources */ = {isa = PBXBuildFile; fileRef = E1CD1DD02CDABADC0052BDBE /* TrackDetectionModel.swift */; };
/* End PBXBuildFile section */

/* Begin PBXFileReference section */
		E146E0782CB6E69600F744AB /* VisionRera.app */ = {isa = PBXFileReference; explicitFileType = wrapper.application; includeInIndex = 0; path = VisionRera.app; sourceTree = BUILT_PRODUCTS_DIR; };
		E146E0A62CB7E3C200F744AB /* Preview Assets.xcassets */ = {isa = PBXFileReference; lastKnownFileType = folder.assetcatalog; path = "Preview Assets.xcassets"; sourceTree = "<group>"; };
		E146E0A82CB7E3C200F744AB /* ImmersiveModel.swift */ = {isa = PBXFileReference; lastKnownFileType = sourcecode.swift; path = ImmersiveModel.swift; sourceTree = "<group>"; };
		E146E0A92CB7E3C200F744AB /* Assets.xcassets */ = {isa = PBXFileReference; lastKnownFileType = folder.assetcatalog; path = Assets.xcassets; sourceTree = "<group>"; };
		E146E0AA2CB7E3C200F744AB /* ContentView.swift */ = {isa = PBXFileReference; lastKnownFileType = sourcecode.swift; path = ContentView.swift; sourceTree = "<group>"; };
		E146E0AB2CB7E3C200F744AB /* ImmersiveView.swift */ = {isa = PBXFileReference; lastKnownFileType = sourcecode.swift; path = ImmersiveView.swift; sourceTree = "<group>"; };
		E146E0AC2CB7E3C200F744AB /* Info.plist */ = {isa = PBXFileReference; lastKnownFileType = text.plist.xml; path = Info.plist; sourceTree = "<group>"; };
		E146E0AE2CB7E3C200F744AB /* VisionReraApp.swift */ = {isa = PBXFileReference; lastKnownFileType = sourcecode.swift; path = VisionReraApp.swift; sourceTree = "<group>"; };
		E19B1D8E2CCA9FEB001326CA /* RaceTrackModel.swift */ = {isa = PBXFileReference; lastKnownFileType = sourcecode.swift; path = RaceTrackModel.swift; sourceTree = "<group>"; };
		E19B1D932CCAB9A7001326CA /* RaceTrackCBUuids.swift */ = {isa = PBXFileReference; lastKnownFileType = sourcecode.swift; path = RaceTrackCBUuids.swift; sourceTree = "<group>"; };
		E19B1D952CCAED17001326CA /* WelcomeView.swift */ = {isa = PBXFileReference; lastKnownFileType = sourcecode.swift; path = WelcomeView.swift; sourceTree = "<group>"; };
		E1CD1DCA2CDAB99E0052BDBE /* InputModel.swift */ = {isa = PBXFileReference; lastKnownFileType = sourcecode.swift; path = InputModel.swift; sourceTree = "<group>"; };
		E1CD1DCD2CDABA840052BDBE /* GameModel.swift */ = {isa = PBXFileReference; lastKnownFileType = sourcecode.swift; path = GameModel.swift; sourceTree = "<group>"; };
		E1CD1DD02CDABADC0052BDBE /* TrackDetectionModel.swift */ = {isa = PBXFileReference; lastKnownFileType = sourcecode.swift; path = TrackDetectionModel.swift; sourceTree = "<group>"; };
/* End PBXFileReference section */

/* Begin PBXFrameworksBuildPhase section */
		E146E0752CB6E69600F744AB /* Frameworks */ = {
			isa = PBXFrameworksBuildPhase;
			buildActionMask = 2147483647;
			files = (
			);
			runOnlyForDeploymentPostprocessing = 0;
		};
/* End PBXFrameworksBuildPhase section */

/* Begin PBXGroup section */
		E146E06F2CB6E69600F744AB = {
			isa = PBXGroup;
			children = (
				E146E0AF2CB7E3C200F744AB /* VisionRera */,
				E146E0792CB6E69600F744AB /* Products */,
			);
			sourceTree = "<group>";
		};
		E146E0792CB6E69600F744AB /* Products */ = {
			isa = PBXGroup;
			children = (
				E146E0782CB6E69600F744AB /* VisionRera.app */,
			);
			name = Products;
			sourceTree = "<group>";
		};
		E146E0A72CB7E3C200F744AB /* Preview Content */ = {
			isa = PBXGroup;
			children = (
				E146E0A62CB7E3C200F744AB /* Preview Assets.xcassets */,
			);
			path = "Preview Content";
			sourceTree = "<group>";
		};
		E146E0AF2CB7E3C200F744AB /* VisionRera */ = {
			isa = PBXGroup;
			children = (
				E146E0AE2CB7E3C200F744AB /* VisionReraApp.swift */,
				E146E0A82CB7E3C200F744AB /* ImmersiveModel.swift */,
				E19B1D902CCAB038001326CA /* RaceTrack */,
				E1CD1DC92CDAB95B0052BDBE /* Input */,
				E1CD1DCF2CDABACC0052BDBE /* TrackDetection */,
				E1CD1DCC2CDABA790052BDBE /* Game */,
				E19B1D982CCAEEFE001326CA /* Views */,
				E146E0AC2CB7E3C200F744AB /* Info.plist */,
				E146E0A92CB7E3C200F744AB /* Assets.xcassets */,
				E146E0A72CB7E3C200F744AB /* Preview Content */,
			);
			path = VisionRera;
			sourceTree = "<group>";
		};
		E19B1D902CCAB038001326CA /* RaceTrack */ = {
			isa = PBXGroup;
			children = (
				E19B1D8E2CCA9FEB001326CA /* RaceTrackModel.swift */,
				E19B1D932CCAB9A7001326CA /* RaceTrackCBUuids.swift */,
			);
			path = RaceTrack;
			sourceTree = "<group>";
		};
		E19B1D982CCAEEFE001326CA /* Views */ = {
			isa = PBXGroup;
			children = (
				E146E0AA2CB7E3C200F744AB /* ContentView.swift */,
				E19B1D952CCAED17001326CA /* WelcomeView.swift */,
				E146E0AB2CB7E3C200F744AB /* ImmersiveView.swift */,
			);
			path = Views;
			sourceTree = "<group>";
		};
		E1CD1DC92CDAB95B0052BDBE /* Input */ = {
			isa = PBXGroup;
			children = (
				E1CD1DCA2CDAB99E0052BDBE /* InputModel.swift */,
			);
			path = Input;
			sourceTree = "<group>";
		};
		E1CD1DCC2CDABA790052BDBE /* Game */ = {
			isa = PBXGroup;
			children = (
				E1CD1DCD2CDABA840052BDBE /* GameModel.swift */,
			);
			path = Game;
			sourceTree = "<group>";
		};
		E1CD1DCF2CDABACC0052BDBE /* TrackDetection */ = {
			isa = PBXGroup;
			children = (
				E1CD1DD02CDABADC0052BDBE /* TrackDetectionModel.swift */,
			);
			path = TrackDetection;
			sourceTree = "<group>";
		};
/* End PBXGroup section */

/* Begin PBXNativeTarget section */
		E146E0772CB6E69600F744AB /* VisionRera */ = {
			isa = PBXNativeTarget;
			buildConfigurationList = E146E0902CB6E69700F744AB /* Build configuration list for PBXNativeTarget "VisionRera" */;
			buildPhases = (
				E146E0742CB6E69600F744AB /* Sources */,
				E146E0752CB6E69600F744AB /* Frameworks */,
				E146E0762CB6E69600F744AB /* Resources */,
			);
			buildRules = (
			);
			dependencies = (
			);
			name = VisionRera;
			packageProductDependencies = (
			);
			productName = VisionRera;
			productReference = E146E0782CB6E69600F744AB /* VisionRera.app */;
			productType = "com.apple.product-type.application";
		};
/* End PBXNativeTarget section */

/* Begin PBXProject section */
		E146E0702CB6E69600F744AB /* Project object */ = {
			isa = PBXProject;
			attributes = {
				BuildIndependentTargetsInParallel = 1;
				LastSwiftUpdateCheck = 1600;
				LastUpgradeCheck = 1600;
				TargetAttributes = {
					E146E0772CB6E69600F744AB = {
						CreatedOnToolsVersion = 16.0;
					};
				};
			};
			buildConfigurationList = E146E0732CB6E69600F744AB /* Build configuration list for PBXProject "VisionRera" */;
			developmentRegion = en;
			hasScannedForEncodings = 0;
			knownRegions = (
				en,
				Base,
			);
			mainGroup = E146E06F2CB6E69600F744AB;
			minimizedProjectReferenceProxies = 1;
			preferredProjectObjectVersion = 77;
			productRefGroup = E146E0792CB6E69600F744AB /* Products */;
			projectDirPath = "";
			projectRoot = "";
			targets = (
				E146E0772CB6E69600F744AB /* VisionRera */,
			);
		};
/* End PBXProject section */

/* Begin PBXResourcesBuildPhase section */
		E146E0762CB6E69600F744AB /* Resources */ = {
			isa = PBXResourcesBuildPhase;
			buildActionMask = 2147483647;
			files = (
				E146E0B52CB7E3C200F744AB /* Preview Assets.xcassets in Resources */,
				E146E0B62CB7E3C200F744AB /* Assets.xcassets in Resources */,
			);
			runOnlyForDeploymentPostprocessing = 0;
		};
/* End PBXResourcesBuildPhase section */

/* Begin PBXSourcesBuildPhase section */
		E146E0742CB6E69600F744AB /* Sources */ = {
			isa = PBXSourcesBuildPhase;
			buildActionMask = 2147483647;
			files = (
				E19B1D8F2CCA9FEF001326CA /* RaceTrackModel.swift in Sources */,
				E146E0B02CB7E3C200F744AB /* ImmersiveModel.swift in Sources */,
				E1CD1DCE2CDABA8A0052BDBE /* GameModel.swift in Sources */,
				E1CD1DCB2CDAB9A30052BDBE /* InputModel.swift in Sources */,
				E146E0B12CB7E3C200F744AB /* ContentView.swift in Sources */,
				E146E0B22CB7E3C200F744AB /* ImmersiveView.swift in Sources */,
				E19B1D942CCAB9AC001326CA /* RaceTrackCBUuids.swift in Sources */,
				E1CD1DD12CDABAE10052BDBE /* TrackDetectionModel.swift in Sources */,
				E19B1D962CCAED1B001326CA /* WelcomeView.swift in Sources */,
				E146E0B42CB7E3C200F744AB /* VisionReraApp.swift in Sources */,
			);
			runOnlyForDeploymentPostprocessing = 0;
		};
/* End PBXSourcesBuildPhase section */

/* Begin XCBuildConfiguration section */
		E146E0912CB6E69700F744AB /* Debug */ = {
			isa = XCBuildConfiguration;
			buildSettings = {
				ASSETCATALOG_COMPILER_APPICON_NAME = AppIcon;
				ASSETCATALOG_COMPILER_GLOBAL_ACCENT_COLOR_NAME = AccentColor;
				CODE_SIGN_STYLE = Automatic;
				CURRENT_PROJECT_VERSION = 1;
				DEVELOPMENT_ASSET_PATHS = "\"VisionRera/Preview Content\"";
				DEVELOPMENT_TEAM = UU787XCJKQ;
				ENABLE_PREVIEWS = YES;
				GENERATE_INFOPLIST_FILE = YES;
				INFOPLIST_FILE = "$(TARGET_NAME)/Info.plist";
				LD_RUNPATH_SEARCH_PATHS = (
					"$(inherited)",
					"@executable_path/Frameworks",
				);
				MARKETING_VERSION = 1.0;
				PRODUCT_BUNDLE_IDENTIFIER = com.mattiasemanuel.VisionRera;
				PRODUCT_NAME = "$(TARGET_NAME)";
				SUPPORTED_PLATFORMS = "xros xrsimulator";
				SWIFT_EMIT_LOC_STRINGS = YES;
				SWIFT_VERSION = 5.0;
				TARGETED_DEVICE_FAMILY = 7;
			};
			name = Debug;
		};
		E146E0922CB6E69700F744AB /* Release */ = {
			isa = XCBuildConfiguration;
			buildSettings = {
				ASSETCATALOG_COMPILER_APPICON_NAME = AppIcon;
				ASSETCATALOG_COMPILER_GLOBAL_ACCENT_COLOR_NAME = AccentColor;
				CODE_SIGN_STYLE = Automatic;
				CURRENT_PROJECT_VERSION = 1;
				DEVELOPMENT_ASSET_PATHS = "\"VisionRera/Preview Content\"";
				DEVELOPMENT_TEAM = UU787XCJKQ;
				ENABLE_PREVIEWS = YES;
				GENERATE_INFOPLIST_FILE = YES;
				INFOPLIST_FILE = "$(TARGET_NAME)/Info.plist";
				LD_RUNPATH_SEARCH_PATHS = (
					"$(inherited)",
					"@executable_path/Frameworks",
				);
				MARKETING_VERSION = 1.0;
				PRODUCT_BUNDLE_IDENTIFIER = com.mattiasemanuel.VisionRera;
				PRODUCT_NAME = "$(TARGET_NAME)";
				SUPPORTED_PLATFORMS = "xros xrsimulator";
				SWIFT_EMIT_LOC_STRINGS = YES;
				SWIFT_VERSION = 5.0;
				TARGETED_DEVICE_FAMILY = 7;
			};
			name = Release;
		};
		E146E0932CB6E69700F744AB /* Debug */ = {
			isa = XCBuildConfiguration;
			buildSettings = {
				ALWAYS_SEARCH_USER_PATHS = NO;
				ASSETCATALOG_COMPILER_GENERATE_SWIFT_ASSET_SYMBOL_EXTENSIONS = YES;
				CLANG_ANALYZER_NONNULL = YES;
				CLANG_ANALYZER_NUMBER_OBJECT_CONVERSION = YES_AGGRESSIVE;
				CLANG_CXX_LANGUAGE_STANDARD = "gnu++20";
				CLANG_ENABLE_MODULES = YES;
				CLANG_ENABLE_OBJC_ARC = YES;
				CLANG_ENABLE_OBJC_WEAK = YES;
				CLANG_WARN_BLOCK_CAPTURE_AUTORELEASING = YES;
				CLANG_WARN_BOOL_CONVERSION = YES;
				CLANG_WARN_COMMA = YES;
				CLANG_WARN_CONSTANT_CONVERSION = YES;
				CLANG_WARN_DEPRECATED_OBJC_IMPLEMENTATIONS = YES;
				CLANG_WARN_DIRECT_OBJC_ISA_USAGE = YES_ERROR;
				CLANG_WARN_DOCUMENTATION_COMMENTS = YES;
				CLANG_WARN_EMPTY_BODY = YES;
				CLANG_WARN_ENUM_CONVERSION = YES;
				CLANG_WARN_INFINITE_RECURSION = YES;
				CLANG_WARN_INT_CONVERSION = YES;
				CLANG_WARN_NON_LITERAL_NULL_CONVERSION = YES;
				CLANG_WARN_OBJC_IMPLICIT_RETAIN_SELF = YES;
				CLANG_WARN_OBJC_LITERAL_CONVERSION = YES;
				CLANG_WARN_OBJC_ROOT_CLASS = YES_ERROR;
				CLANG_WARN_QUOTED_INCLUDE_IN_FRAMEWORK_HEADER = YES;
				CLANG_WARN_RANGE_LOOP_ANALYSIS = YES;
				CLANG_WARN_STRICT_PROTOTYPES = YES;
				CLANG_WARN_SUSPICIOUS_MOVE = YES;
				CLANG_WARN_UNGUARDED_AVAILABILITY = YES_AGGRESSIVE;
				CLANG_WARN_UNREACHABLE_CODE = YES;
				CLANG_WARN__DUPLICATE_METHOD_MATCH = YES;
				COPY_PHASE_STRIP = NO;
				DEBUG_INFORMATION_FORMAT = dwarf;
				ENABLE_STRICT_OBJC_MSGSEND = YES;
				ENABLE_TESTABILITY = YES;
				ENABLE_USER_SCRIPT_SANDBOXING = YES;
				GCC_C_LANGUAGE_STANDARD = gnu17;
				GCC_DYNAMIC_NO_PIC = NO;
				GCC_NO_COMMON_BLOCKS = YES;
				GCC_OPTIMIZATION_LEVEL = 0;
				GCC_PREPROCESSOR_DEFINITIONS = (
					"DEBUG=1",
					"$(inherited)",
				);
				GCC_WARN_64_TO_32_BIT_CONVERSION = YES;
				GCC_WARN_ABOUT_RETURN_TYPE = YES_ERROR;
				GCC_WARN_UNDECLARED_SELECTOR = YES;
				GCC_WARN_UNINITIALIZED_AUTOS = YES_AGGRESSIVE;
				GCC_WARN_UNUSED_FUNCTION = YES;
				GCC_WARN_UNUSED_VARIABLE = YES;
				LOCALIZATION_PREFERS_STRING_CATALOGS = YES;
				MTL_ENABLE_DEBUG_INFO = INCLUDE_SOURCE;
				MTL_FAST_MATH = YES;
				ONLY_ACTIVE_ARCH = YES;
				SDKROOT = xros;
				SWIFT_ACTIVE_COMPILATION_CONDITIONS = "DEBUG $(inherited)";
				SWIFT_OPTIMIZATION_LEVEL = "-Onone";
				XROS_DEPLOYMENT_TARGET = 2.0;
			};
			name = Debug;
		};
		E146E0942CB6E69700F744AB /* Release */ = {
			isa = XCBuildConfiguration;
			buildSettings = {
				ALWAYS_SEARCH_USER_PATHS = NO;
				ASSETCATALOG_COMPILER_GENERATE_SWIFT_ASSET_SYMBOL_EXTENSIONS = YES;
				CLANG_ANALYZER_NONNULL = YES;
				CLANG_ANALYZER_NUMBER_OBJECT_CONVERSION = YES_AGGRESSIVE;
				CLANG_CXX_LANGUAGE_STANDARD = "gnu++20";
				CLANG_ENABLE_MODULES = YES;
				CLANG_ENABLE_OBJC_ARC = YES;
				CLANG_ENABLE_OBJC_WEAK = YES;
				CLANG_WARN_BLOCK_CAPTURE_AUTORELEASING = YES;
				CLANG_WARN_BOOL_CONVERSION = YES;
				CLANG_WARN_COMMA = YES;
				CLANG_WARN_CONSTANT_CONVERSION = YES;
				CLANG_WARN_DEPRECATED_OBJC_IMPLEMENTATIONS = YES;
				CLANG_WARN_DIRECT_OBJC_ISA_USAGE = YES_ERROR;
				CLANG_WARN_DOCUMENTATION_COMMENTS = YES;
				CLANG_WARN_EMPTY_BODY = YES;
				CLANG_WARN_ENUM_CONVERSION = YES;
				CLANG_WARN_INFINITE_RECURSION = YES;
				CLANG_WARN_INT_CONVERSION = YES;
				CLANG_WARN_NON_LITERAL_NULL_CONVERSION = YES;
				CLANG_WARN_OBJC_IMPLICIT_RETAIN_SELF = YES;
				CLANG_WARN_OBJC_LITERAL_CONVERSION = YES;
				CLANG_WARN_OBJC_ROOT_CLASS = YES_ERROR;
				CLANG_WARN_QUOTED_INCLUDE_IN_FRAMEWORK_HEADER = YES;
				CLANG_WARN_RANGE_LOOP_ANALYSIS = YES;
				CLANG_WARN_STRICT_PROTOTYPES = YES;
				CLANG_WARN_SUSPICIOUS_MOVE = YES;
				CLANG_WARN_UNGUARDED_AVAILABILITY = YES_AGGRESSIVE;
				CLANG_WARN_UNREACHABLE_CODE = YES;
				CLANG_WARN__DUPLICATE_METHOD_MATCH = YES;
				COPY_PHASE_STRIP = NO;
				DEBUG_INFORMATION_FORMAT = "dwarf-with-dsym";
				ENABLE_NS_ASSERTIONS = NO;
				ENABLE_STRICT_OBJC_MSGSEND = YES;
				ENABLE_USER_SCRIPT_SANDBOXING = YES;
				GCC_C_LANGUAGE_STANDARD = gnu17;
				GCC_NO_COMMON_BLOCKS = YES;
				GCC_WARN_64_TO_32_BIT_CONVERSION = YES;
				GCC_WARN_ABOUT_RETURN_TYPE = YES_ERROR;
				GCC_WARN_UNDECLARED_SELECTOR = YES;
				GCC_WARN_UNINITIALIZED_AUTOS = YES_AGGRESSIVE;
				GCC_WARN_UNUSED_FUNCTION = YES;
				GCC_WARN_UNUSED_VARIABLE = YES;
				LOCALIZATION_PREFERS_STRING_CATALOGS = YES;
				MTL_ENABLE_DEBUG_INFO = NO;
				MTL_FAST_MATH = YES;
				SDKROOT = xros;
				SWIFT_COMPILATION_MODE = wholemodule;
				VALIDATE_PRODUCT = YES;
				XROS_DEPLOYMENT_TARGET = 2.0;
			};
			name = Release;
		};
/* End XCBuildConfiguration section */

/* Begin XCConfigurationList section */
		E146E0732CB6E69600F744AB /* Build configuration list for PBXProject "VisionRera" */ = {
			isa = XCConfigurationList;
			buildConfigurations = (
				E146E0932CB6E69700F744AB /* Debug */,
				E146E0942CB6E69700F744AB /* Release */,
			);
			defaultConfigurationIsVisible = 0;
			defaultConfigurationName = Release;
		};
		E146E0902CB6E69700F744AB /* Build configuration list for PBXNativeTarget "VisionRera" */ = {
			isa = XCConfigurationList;
			buildConfigurations = (
				E146E0912CB6E69700F744AB /* Debug */,
				E146E0922CB6E69700F744AB /* Release */,
			);
			defaultConfigurationIsVisible = 0;
			defaultConfigurationName = Release;
		};
/* End XCConfigurationList section */
	};
	rootObject = E146E0702CB6E69600F744AB /* Project object */;
}
